// !$*UTF8*$!
{
	archiveVersion = 1;
	classes = {
	};
	objectVersion = 46;
	objects = {

/* Begin PBXBuildFile section */
		9EFC3FE71F61599B000703E4 /* AppDelegate.swift in Sources */ = {isa = PBXBuildFile; fileRef = 9EFC3FE61F61599B000703E4 /* AppDelegate.swift */; };
		9EFC3FE91F61599B000703E4 /* ViewController.swift in Sources */ = {isa = PBXBuildFile; fileRef = 9EFC3FE81F61599B000703E4 /* ViewController.swift */; };
		9EFC3FEC1F61599B000703E4 /* Main.storyboard in Resources */ = {isa = PBXBuildFile; fileRef = 9EFC3FEA1F61599B000703E4 /* Main.storyboard */; };
		9EFC3FEE1F61599B000703E4 /* Assets.xcassets in Resources */ = {isa = PBXBuildFile; fileRef = 9EFC3FED1F61599B000703E4 /* Assets.xcassets */; };
		9EFC3FF11F61599B000703E4 /* LaunchScreen.storyboard in Resources */ = {isa = PBXBuildFile; fileRef = 9EFC3FEF1F61599B000703E4 /* LaunchScreen.storyboard */; };
/* End PBXBuildFile section */

/* Begin PBXFileReference section */
		9EFC3FE31F61599B000703E4 /* QueueSample.app */ = {isa = PBXFileReference; explicitFileType = wrapper.application; includeInIndex = 0; path = QueueSample.app; sourceTree = BUILT_PRODUCTS_DIR; };
		9EFC3FE61F61599B000703E4 /* AppDelegate.swift */ = {isa = PBXFileReference; lastKnownFileType = sourcecode.swift; path = AppDelegate.swift; sourceTree = "<group>"; };
		9EFC3FE81F61599B000703E4 /* ViewController.swift */ = {isa = PBXFileReference; lastKnownFileType = sourcecode.swift; path = ViewController.swift; sourceTree = "<group>"; };
		9EFC3FEB1F61599B000703E4 /* Base */ = {isa = PBXFileReference; lastKnownFileType = file.storyboard; name = Base; path = Base.lproj/Main.storyboard; sourceTree = "<group>"; };
		9EFC3FED1F61599B000703E4 /* Assets.xcassets */ = {isa = PBXFileReference; lastKnownFileType = folder.assetcatalog; path = Assets.xcassets; sourceTree = "<group>"; };
		9EFC3FF01F61599B000703E4 /* Base */ = {isa = PBXFileReference; lastKnownFileType = file.storyboard; name = Base; path = Base.lproj/LaunchScreen.storyboard; sourceTree = "<group>"; };
		9EFC3FF21F61599B000703E4 /* Info.plist */ = {isa = PBXFileReference; lastKnownFileType = text.plist.xml; path = Info.plist; sourceTree = "<group>"; };
/* End PBXFileReference section */

/* Begin PBXFrameworksBuildPhase section */
		9EFC3FE01F61599B000703E4 /* Frameworks */ = {
			isa = PBXFrameworksBuildPhase;
			buildActionMask = 2147483647;
			files = (
			);
			runOnlyForDeploymentPostprocessing = 0;
		};
/* End PBXFrameworksBuildPhase section */

/* Begin PBXGroup section */
		9EFC3FDA1F61599A000703E4 = {
			isa = PBXGroup;
			children = (
				9EFC3FE51F61599B000703E4 /* QueueSample */,
				9EFC3FE41F61599B000703E4 /* Products */,
			);
			sourceTree = "<group>";
		};
		9EFC3FE41F61599B000703E4 /* Products */ = {
			isa = PBXGroup;
			children = (
				9EFC3FE31F61599B000703E4 /* QueueSample.app */,
			);
			name = Products;
			sourceTree = "<group>";
		};
		9EFC3FE51F61599B000703E4 /* QueueSample */ = {
			isa = PBXGroup;
			children = (
				9EFC3FE61F61599B000703E4 /* AppDelegate.swift */,
				9EFC3FE81F61599B000703E4 /* ViewController.swift */,
				9EFC3FEA1F61599B000703E4 /* Main.storyboard */,
				9EFC3FED1F61599B000703E4 /* Assets.xcassets */,
				9EFC3FEF1F61599B000703E4 /* LaunchScreen.storyboard */,
				9EFC3FF21F61599B000703E4 /* Info.plist */,
			);
			path = QueueSample;
			sourceTree = "<group>";
		};
/* End PBXGroup section */

/* Begin PBXNativeTarget section */
		9EFC3FE21F61599B000703E4 /* QueueSample */ = {
			isa = PBXNativeTarget;
			buildConfigurationList = 9EFC3FF51F61599B000703E4 /* Build configuration list for PBXNativeTarget "QueueSample" */;
			buildPhases = (
				9EFC3FDF1F61599B000703E4 /* Sources */,
				9EFC3FE01F61599B000703E4 /* Frameworks */,
				9EFC3FE11F61599B000703E4 /* Resources */,
			);
			buildRules = (
			);
			dependencies = (
			);
			name = QueueSample;
			productName = QueueSample;
			productReference = 9EFC3FE31F61599B000703E4 /* QueueSample.app */;
			productType = "com.apple.product-type.application";
		};
/* End PBXNativeTarget section */

/* Begin PBXProject section */
		9EFC3FDB1F61599A000703E4 /* Project object */ = {
			isa = PBXProject;
			attributes = {
				LastSwiftUpdateCheck = 0830;
				LastUpgradeCheck = 0830;
				ORGANIZATIONNAME = "YongWook Choi";
				TargetAttributes = {
					9EFC3FE21F61599B000703E4 = {
						CreatedOnToolsVersion = 8.3.3;
						ProvisioningStyle = Automatic;
					};
				};
			};
			buildConfigurationList = 9EFC3FDE1F61599A000703E4 /* Build configuration list for PBXProject "QueueSample" */;
			compatibilityVersion = "Xcode 3.2";
			developmentRegion = English;
			hasScannedForEncodings = 0;
			knownRegions = (
				en,
				Base,
			);
			mainGroup = 9EFC3FDA1F61599A000703E4;
			productRefGroup = 9EFC3FE41F61599B000703E4 /* Products */;
			projectDirPath = "";
			projectRoot = "";
			targets = (
				9EFC3FE21F61599B000703E4 /* QueueSample */,
			);
		};
/* End PBXProject section */

/* Begin PBXResourcesBuildPhase section */
		9EFC3FE11F61599B000703E4 /* Resources */ = {
			isa = PBXResourcesBuildPhase;
			buildActionMask = 2147483647;
			files = (
				9EFC3FF11F61599B000703E4 /* LaunchScreen.storyboard in Resources */,
				9EFC3FEE1F61599B000703E4 /* Assets.xcassets in Resources */,
				9EFC3FEC1F61599B000703E4 /* Main.storyboard in Resources */,
			);
			runOnlyForDeploymentPostprocessing = 0;
		};
/* End PBXResourcesBuildPhase section */

/* Begin PBXSourcesBuildPhase section */
		9EFC3FDF1F61599B000703E4 /* Sources */ = {
			isa = PBXSourcesBuildPhase;
			buildActionMask = 2147483647;
			files = (
				9EFC3FE91F61599B000703E4 /* ViewController.swift in Sources */,
				9EFC3FE71F61599B000703E4 /* AppDelegate.swift in Sources */,
			);
			runOnlyForDeploymentPostprocessing = 0;
		};
/* End PBXSourcesBuildPhase section */

/* Begin PBXVariantGroup section */
		9EFC3FEA1F61599B000703E4 /* Main.storyboard */ = {
			isa = PBXVariantGroup;
			children = (
				9EFC3FEB1F61599B000703E4 /* Base */,
			);
			name = Main.storyboard;
			sourceTree = "<group>";
		};
		9EFC3FEF1F61599B000703E4 /* LaunchScreen.storyboard */ = {
			isa = PBXVariantGroup;
			children = (
				9EFC3FF01F61599B000703E4 /* Base */,
			);
			name = LaunchScreen.storyboard;
			sourceTree = "<group>";
		};
/* End PBXVariantGroup section */

/* Begin XCBuildConfiguration section */
		9EFC3FF31F61599B000703E4 /* Debug */ = {
			isa = XCBuildConfiguration;
			buildSettings = {
				ALWAYS_SEARCH_USER_PATHS = NO;
				CLANG_ANALYZER_NONNULL = YES;
				CLANG_ANALYZER_NUMBER_OBJECT_CONVERSION = YES_AGGRESSIVE;
				CLANG_CXX_LANGUAGE_STANDARD = "gnu++0x";
				CLANG_CXX_LIBRARY = "libc++";
				CLANG_ENABLE_MODULES = YES;
				CLANG_ENABLE_OBJC_ARC = YES;
				CLANG_WARN_BOOL_CONVERSION = YES;
				CLANG_WARN_CONSTANT_CONVERSION = YES;
				CLANG_WARN_DIRECT_OBJC_ISA_USAGE = YES_ERROR;
				CLANG_WARN_DOCUMENTATION_COMMENTS = YES;
				CLANG_WARN_EMPTY_BODY = YES;
				CLANG_WARN_ENUM_CONVERSION = YES;
				CLANG_WARN_INFINITE_RECURSION = YES;
				CLANG_WARN_INT_CONVERSION = YES;
				CLANG_WARN_OBJC_ROOT_CLASS = YES_ERROR;
				CLANG_WARN_SUSPICIOUS_MOVE = YES;
				CLANG_WARN_UNREACHABLE_CODE = YES;
				CLANG_WARN__DUPLICATE_METHOD_MATCH = YES;
				"CODE_SIGN_IDENTITY[sdk=iphoneos*]" = "iPhone Developer";
				COPY_PHASE_STRIP = NO;
				DEBUG_INFORMATION_FORMAT = dwarf;
				ENABLE_STRICT_OBJC_MSGSEND = YES;
				ENABLE_TESTABILITY = YES;
				GCC_C_LANGUAGE_STANDARD = gnu99;
				GCC_DYNAMIC_NO_PIC = NO;
				GCC_NO_COMMON_BLOCKS = YES;
				GCC_OPTIMIZATION_LEVEL = 0;
				GCC_PREPROCESSOR_DEFINITIONS = (
					"DEBUG=1",
					"$(inherited)",
				);
				GCC_WARN_64_TO_32_BIT_CONVERSION = YES;
				GCC_WARN_ABOUT_RETURN_TYPE = YES_ERROR;
				GCC_WARN_UNDECLARED_SELECTOR = YES;
				GCC_WARN_UNINITIALIZED_AUTOS = YES_AGGRESSIVE;
				GCC_WARN_UNUSED_FUNCTION = YES;
				GCC_WARN_UNUSED_VARIABLE = YES;
				IPHONEOS_DEPLOYMENT_TARGET = 10.3;
				MTL_ENABLE_DEBUG_INFO = YES;
				ONLY_ACTIVE_ARCH = YES;
				SDKROOT = iphoneos;
				SWIFT_ACTIVE_COMPILATION_CONDITIONS = DEBUG;
				SWIFT_OPTIMIZATION_LEVEL = "-Onone";
				TARGETED_DEVICE_FAMILY = "1,2";
			};
			name = Debug;
		};
		9EFC3FF41F61599B000703E4 /* Release */ = {
			isa = XCBuildConfiguration;
			buildSettings = {
				ALWAYS_SEARCH_USER_PATHS = NO;
				CLANG_ANALYZER_NONNULL = YES;
				CLANG_ANALYZER_NUMBER_OBJECT_CONVERSION = YES_AGGRESSIVE;
				CLANG_CXX_LANGUAGE_STANDARD = "gnu++0x";
				CLANG_CXX_LIBRARY = "libc++";
				CLANG_ENABLE_MODULES = YES;
				CLANG_ENABLE_OBJC_ARC = YES;
				CLANG_WARN_BOOL_CONVERSION = YES;
				CLANG_WARN_CONSTANT_CONVERSION = YES;
				CLANG_WARN_DIRECT_OBJC_ISA_USAGE = YES_ERROR;
				CLANG_WARN_DOCUMENTATION_COMMENTS = YES;
				CLANG_WARN_EMPTY_BODY = YES;
				CLANG_WARN_ENUM_CONVERSION = YES;
				CLANG_WARN_INFINITE_RECURSION = YES;
				CLANG_WARN_INT_CONVERSION = YES;
				CLANG_WARN_OBJC_ROOT_CLASS = YES_ERROR;
				CLANG_WARN_SUSPICIOUS_MOVE = YES;
				CLANG_WARN_UNREACHABLE_CODE = YES;
				CLANG_WARN__DUPLICATE_METHOD_MATCH = YES;
				"CODE_SIGN_IDENTITY[sdk=iphoneos*]" = "iPhone Developer";
				COPY_PHASE_STRIP = NO;
				DEBUG_INFORMATION_FORMAT = "dwarf-with-dsym";
				ENABLE_NS_ASSERTIONS = NO;
				ENABLE_STRICT_OBJC_MSGSEND = YES;
				GCC_C_LANGUAGE_STANDARD = gnu99;
				GCC_NO_COMMON_BLOCKS = YES;
				GCC_WARN_64_TO_32_BIT_CONVERSION = YES;
				GCC_WARN_ABOUT_RETURN_TYPE = YES_ERROR;
				GCC_WARN_UNDECLARED_SELECTOR = YES;
				GCC_WARN_UNINITIALIZED_AUTOS = YES_AGGRESSIVE;
				GCC_WARN_UNUSED_FUNCTION = YES;
				GCC_WARN_UNUSED_VARIABLE = YES;
				IPHONEOS_DEPLOYMENT_TARGET = 10.3;
				MTL_ENABLE_DEBUG_INFO = NO;
				SDKROOT = iphoneos;
				SWIFT_OPTIMIZATION_LEVEL = "-Owholemodule";
				TARGETED_DEVICE_FAMILY = "1,2";
				VALIDATE_PRODUCT = YES;
			};
			name = Release;
		};
		9EFC3FF61F61599B000703E4 /* Debug */ = {
			isa = XCBuildConfiguration;
			buildSettings = {
				ASSETCATALOG_COMPILER_APPICON_NAME = AppIcon;
				INFOPLIST_FILE = QueueSample/Info.plist;
				LD_RUNPATH_SEARCH_PATHS = "$(inherited) @executable_path/Frameworks";
				PRODUCT_BUNDLE_IDENTIFIER = example.QueueSample;
				PRODUCT_NAME = "$(TARGET_NAME)";
				SWIFT_VERSION = 3.0;
			};
			name = Debug;
		};
		9EFC3FF71F61599B000703E4 /* Release */ = {
			isa = XCBuildConfiguration;
			buildSettings = {
				ASSETCATALOG_COMPILER_APPICON_NAME = AppIcon;
				INFOPLIST_FILE = QueueSample/Info.plist;
				LD_RUNPATH_SEARCH_PATHS = "$(inherited) @executable_path/Frameworks";
				PRODUCT_BUNDLE_IDENTIFIER = example.QueueSample;
				PRODUCT_NAME = "$(TARGET_NAME)";
				SWIFT_VERSION = 3.0;
			};
			name = Release;
		};
/* End XCBuildConfiguration section */

/* Begin XCConfigurationList section */
		9EFC3FDE1F61599A000703E4 /* Build configuration list for PBXProject "QueueSample" */ = {
			isa = XCConfigurationList;
			buildConfigurations = (
				9EFC3FF31F61599B000703E4 /* Debug */,
				9EFC3FF41F61599B000703E4 /* Release */,
			);
			defaultConfigurationIsVisible = 0;
			defaultConfigurationName = Release;
		};
		9EFC3FF51F61599B000703E4 /* Build configuration list for PBXNativeTarget "QueueSample" */ = {
			isa = XCConfigurationList;
			buildConfigurations = (
				9EFC3FF61F61599B000703E4 /* Debug */,
				9EFC3FF71F61599B000703E4 /* Release */,
			);
			defaultConfigurationIsVisible = 0;
		};
/* End XCConfigurationList section */
	};
	rootObject = 9EFC3FDB1F61599A000703E4 /* Project object */;
}
